
Microsoft Visual Studio Solution File, Format Version 12.00
Project("{FAE04EC0-301F-11D3-BF4B-00C04F79EFBC}") = "study-wiki", "study-wiki\study-wiki.csproj", "{FBE541F0-D6F1-4274-8334-BD2EB5A33759}"
EndProject
Global
	GlobalSection(SolutionConfigurationPlatforms) = preSolution
		Debug|Any CPU = Debug|Any CPU
		Release|Any CPU = Release|Any CPU
	EndGlobalSection
	GlobalSection(ProjectConfigurationPlatforms) = postSolution
		{FBE541F0-D6F1-4274-8334-BD2EB5A33759}.Debug|Any CPU.ActiveCfg = Debug|Any CPU
		{FBE541F0-D6F1-4274-8334-BD2EB5A33759}.Debug|Any CPU.Build.0 = Debug|Any CPU
		{FBE541F0-D6F1-4274-8334-BD2EB5A33759}.Release|Any CPU.ActiveCfg = Release|Any CPU
		{FBE541F0-D6F1-4274-8334-BD2EB5A33759}.Release|Any CPU.Build.0 = Release|Any CPU
	EndGlobalSection
EndGlobal
